// !$*UTF8*$!
{
	archiveVersion = 1;
	classes = {
	};
	objectVersion = 48;
	objects = {

/* Begin PBXBuildFile section */
		0C90C94779C0A27AD5CFCA58 /* Pods_Smack.framework in Frameworks */ = {isa = PBXBuildFile; fileRef = 40D6579DAD4EA2840D404909 /* Pods_Smack.framework */; };
		741ECFAA1F69154800FB733D /* ChatVC.swift in Sources */ = {isa = PBXBuildFile; fileRef = 741ECFA91F69154800FB733D /* ChatVC.swift */; };
		741ECFAC1F69156200FB733D /* ChannelVC.swift in Sources */ = {isa = PBXBuildFile; fileRef = 741ECFAB1F69156200FB733D /* ChannelVC.swift */; };
		741FA9EC1F6A6BF60063085C /* CreateAccountVC.swift in Sources */ = {isa = PBXBuildFile; fileRef = 741FA9EB1F6A6BF60063085C /* CreateAccountVC.swift */; };
		742670591F693AEA0079CB3C /* Constants.swift in Sources */ = {isa = PBXBuildFile; fileRef = 742670581F693AEA0079CB3C /* Constants.swift */; };
		7426705D1F6940100079CB3C /* LoginVC.swift in Sources */ = {isa = PBXBuildFile; fileRef = 7426705C1F6940100079CB3C /* LoginVC.swift */; };
		74356DF31F690DCB00E0FC97 /* AppDelegate.swift in Sources */ = {isa = PBXBuildFile; fileRef = 74356DF21F690DCB00E0FC97 /* AppDelegate.swift */; };
		74356DF81F690DCB00E0FC97 /* Main.storyboard in Resources */ = {isa = PBXBuildFile; fileRef = 74356DF61F690DCB00E0FC97 /* Main.storyboard */; };
		74356DFA1F690DCB00E0FC97 /* Assets.xcassets in Resources */ = {isa = PBXBuildFile; fileRef = 74356DF91F690DCB00E0FC97 /* Assets.xcassets */; };
		74356DFD1F690DCB00E0FC97 /* LaunchScreen.storyboard in Resources */ = {isa = PBXBuildFile; fileRef = 74356DFB1F690DCB00E0FC97 /* LaunchScreen.storyboard */; };
		743D98A41F6922D800093F71 /* Smack-Bridging-Header.h in Sources */ = {isa = PBXBuildFile; fileRef = 741ECFA31F69122100FB733D /* Smack-Bridging-Header.h */; };
		743D98C31F69244700093F71 /* SWRevealViewController.m in Sources */ = {isa = PBXBuildFile; fileRef = 741ECFA51F69122200FB733D /* SWRevealViewController.m */; };
		743D98C41F69245300093F71 /* SWRevealViewController.h in Sources */ = {isa = PBXBuildFile; fileRef = 741ECFA41F69122200FB733D /* SWRevealViewController.h */; };
		743D98C61F69328100093F71 /* GradientView.swift in Sources */ = {isa = PBXBuildFile; fileRef = 743D98C51F69328100093F71 /* GradientView.swift */; };
/* End PBXBuildFile section */

/* Begin PBXFileReference section */
		0018655323333FE42BA079FF /* Pods-Smack.release.xcconfig */ = {isa = PBXFileReference; includeInIndex = 1; lastKnownFileType = text.xcconfig; name = "Pods-Smack.release.xcconfig"; path = "Pods/Target Support Files/Pods-Smack/Pods-Smack.release.xcconfig"; sourceTree = "<group>"; };
		40D6579DAD4EA2840D404909 /* Pods_Smack.framework */ = {isa = PBXFileReference; explicitFileType = wrapper.framework; includeInIndex = 0; path = Pods_Smack.framework; sourceTree = BUILT_PRODUCTS_DIR; };
		70F20CC7903F95C74BB43E70 /* Pods-Smack.debug.xcconfig */ = {isa = PBXFileReference; includeInIndex = 1; lastKnownFileType = text.xcconfig; name = "Pods-Smack.debug.xcconfig"; path = "Pods/Target Support Files/Pods-Smack/Pods-Smack.debug.xcconfig"; sourceTree = "<group>"; };
		741ECFA31F69122100FB733D /* Smack-Bridging-Header.h */ = {isa = PBXFileReference; lastKnownFileType = sourcecode.c.h; path = "Smack-Bridging-Header.h"; sourceTree = "<group>"; };
		741ECFA41F69122200FB733D /* SWRevealViewController.h */ = {isa = PBXFileReference; lastKnownFileType = sourcecode.c.h; path = SWRevealViewController.h; sourceTree = "<group>"; };
		741ECFA51F69122200FB733D /* SWRevealViewController.m */ = {isa = PBXFileReference; lastKnownFileType = sourcecode.c.objc; path = SWRevealViewController.m; sourceTree = "<group>"; };
		741ECFA91F69154800FB733D /* ChatVC.swift */ = {isa = PBXFileReference; lastKnownFileType = sourcecode.swift; path = ChatVC.swift; sourceTree = "<group>"; };
		741ECFAB1F69156200FB733D /* ChannelVC.swift */ = {isa = PBXFileReference; lastKnownFileType = sourcecode.swift; path = ChannelVC.swift; sourceTree = "<group>"; };
		741FA9EB1F6A6BF60063085C /* CreateAccountVC.swift */ = {isa = PBXFileReference; lastKnownFileType = sourcecode.swift; path = CreateAccountVC.swift; sourceTree = "<group>"; };
		742670581F693AEA0079CB3C /* Constants.swift */ = {isa = PBXFileReference; lastKnownFileType = sourcecode.swift; path = Constants.swift; sourceTree = "<group>"; };
		7426705C1F6940100079CB3C /* LoginVC.swift */ = {isa = PBXFileReference; lastKnownFileType = sourcecode.swift; path = LoginVC.swift; sourceTree = "<group>"; };
		74356DEF1F690DCB00E0FC97 /* Smack.app */ = {isa = PBXFileReference; explicitFileType = wrapper.application; includeInIndex = 0; path = Smack.app; sourceTree = BUILT_PRODUCTS_DIR; };
		74356DF21F690DCB00E0FC97 /* AppDelegate.swift */ = {isa = PBXFileReference; lastKnownFileType = sourcecode.swift; path = AppDelegate.swift; sourceTree = "<group>"; };
		74356DF71F690DCB00E0FC97 /* Base */ = {isa = PBXFileReference; lastKnownFileType = file.storyboard; name = Base; path = Base.lproj/Main.storyboard; sourceTree = "<group>"; };
		74356DF91F690DCB00E0FC97 /* Assets.xcassets */ = {isa = PBXFileReference; lastKnownFileType = folder.assetcatalog; path = Assets.xcassets; sourceTree = "<group>"; };
		74356DFC1F690DCB00E0FC97 /* Base */ = {isa = PBXFileReference; lastKnownFileType = file.storyboard; name = Base; path = Base.lproj/LaunchScreen.storyboard; sourceTree = "<group>"; };
		74356DFE1F690DCB00E0FC97 /* Info.plist */ = {isa = PBXFileReference; lastKnownFileType = text.plist.xml; path = Info.plist; sourceTree = "<group>"; };
		743D98C51F69328100093F71 /* GradientView.swift */ = {isa = PBXFileReference; lastKnownFileType = sourcecode.swift; path = GradientView.swift; sourceTree = "<group>"; };
/* End PBXFileReference section */

/* Begin PBXFrameworksBuildPhase section */
		74356DEC1F690DCB00E0FC97 /* Frameworks */ = {
			isa = PBXFrameworksBuildPhase;
			buildActionMask = 2147483647;
			files = (
				0C90C94779C0A27AD5CFCA58 /* Pods_Smack.framework in Frameworks */,
			);
			runOnlyForDeploymentPostprocessing = 0;
		};
/* End PBXFrameworksBuildPhase section */

/* Begin PBXGroup section */
		62EBF041D292D16254D0A711 /* Frameworks */ = {
			isa = PBXGroup;
			children = (
				40D6579DAD4EA2840D404909 /* Pods_Smack.framework */,
			);
			name = Frameworks;
			sourceTree = "<group>";
		};
		741ECFA21F6911DD00FB733D /* Supporting Files */ = {
			isa = PBXGroup;
			children = (
				741ECFA41F69122200FB733D /* SWRevealViewController.h */,
				741ECFA51F69122200FB733D /* SWRevealViewController.m */,
				741ECFA31F69122100FB733D /* Smack-Bridging-Header.h */,
			);
			path = "Supporting Files";
			sourceTree = "<group>";
		};
		741ECFA61F69151D00FB733D /* Controller */ = {
			isa = PBXGroup;
			children = (
				741ECFA91F69154800FB733D /* ChatVC.swift */,
				741ECFAB1F69156200FB733D /* ChannelVC.swift */,
				7426705C1F6940100079CB3C /* LoginVC.swift */,
				741FA9EB1F6A6BF60063085C /* CreateAccountVC.swift */,
			);
			path = Controller;
			sourceTree = "<group>";
		};
		741ECFA71F69152300FB733D /* View */ = {
			isa = PBXGroup;
			children = (
				743D98C51F69328100093F71 /* GradientView.swift */,
			);
			path = View;
			sourceTree = "<group>";
		};
		741ECFA81F69152900FB733D /* Model */ = {
			isa = PBXGroup;
			children = (
			);
			path = Model;
			sourceTree = "<group>";
		};
		742670571F693AB70079CB3C /* Constants */ = {
			isa = PBXGroup;
			children = (
				742670581F693AEA0079CB3C /* Constants.swift */,
			);
			path = Constants;
			sourceTree = "<group>";
		};
		74356DE61F690DCB00E0FC97 = {
			isa = PBXGroup;
			children = (
				74356DF11F690DCB00E0FC97 /* Smack */,
				74356DF01F690DCB00E0FC97 /* Products */,
				89529C47431370B65C587EB1 /* Pods */,
				62EBF041D292D16254D0A711 /* Frameworks */,
			);
			sourceTree = "<group>";
		};
		74356DF01F690DCB00E0FC97 /* Products */ = {
			isa = PBXGroup;
			children = (
				74356DEF1F690DCB00E0FC97 /* Smack.app */,
			);
			name = Products;
			sourceTree = "<group>";
		};
		74356DF11F690DCB00E0FC97 /* Smack */ = {
			isa = PBXGroup;
			children = (
				742670571F693AB70079CB3C /* Constants */,
				741ECFA81F69152900FB733D /* Model */,
				741ECFA71F69152300FB733D /* View */,
				741ECFA61F69151D00FB733D /* Controller */,
				741ECFA21F6911DD00FB733D /* Supporting Files */,
				74356DF21F690DCB00E0FC97 /* AppDelegate.swift */,
				74356DF61F690DCB00E0FC97 /* Main.storyboard */,
				74356DF91F690DCB00E0FC97 /* Assets.xcassets */,
				74356DFB1F690DCB00E0FC97 /* LaunchScreen.storyboard */,
				74356DFE1F690DCB00E0FC97 /* Info.plist */,
			);
			path = Smack;
			sourceTree = "<group>";
		};
		89529C47431370B65C587EB1 /* Pods */ = {
			isa = PBXGroup;
			children = (
				70F20CC7903F95C74BB43E70 /* Pods-Smack.debug.xcconfig */,
				0018655323333FE42BA079FF /* Pods-Smack.release.xcconfig */,
			);
			name = Pods;
			sourceTree = "<group>";
		};
/* End PBXGroup section */

/* Begin PBXNativeTarget section */
		74356DEE1F690DCB00E0FC97 /* Smack */ = {
			isa = PBXNativeTarget;
			buildConfigurationList = 74356E011F690DCB00E0FC97 /* Build configuration list for PBXNativeTarget "Smack" */;
			buildPhases = (
				53F03CD051F801DFB7C6660C /* [CP] Check Pods Manifest.lock */,
				74356DEB1F690DCB00E0FC97 /* Sources */,
				74356DEC1F690DCB00E0FC97 /* Frameworks */,
				74356DED1F690DCB00E0FC97 /* Resources */,
				FA660F79E08BC2E926B28307 /* [CP] Embed Pods Frameworks */,
				E93AF0C39CF8B20A517A4DB3 /* [CP] Copy Pods Resources */,
			);
			buildRules = (
			);
			dependencies = (
			);
			name = Smack;
			productName = Smack;
			productReference = 74356DEF1F690DCB00E0FC97 /* Smack.app */;
			productType = "com.apple.product-type.application";
		};
/* End PBXNativeTarget section */

/* Begin PBXProject section */
		74356DE71F690DCB00E0FC97 /* Project object */ = {
			isa = PBXProject;
			attributes = {
				LastSwiftUpdateCheck = 0900;
				LastUpgradeCheck = 0900;
				ORGANIZATIONNAME = "Justin Seymour";
				TargetAttributes = {
					74356DEE1F690DCB00E0FC97 = {
						CreatedOnToolsVersion = 9.0;
						LastSwiftMigration = 0900;
					};
				};
			};
			buildConfigurationList = 74356DEA1F690DCB00E0FC97 /* Build configuration list for PBXProject "Smack" */;
			compatibilityVersion = "Xcode 8.0";
			developmentRegion = en;
			hasScannedForEncodings = 0;
			knownRegions = (
				en,
				Base,
			);
			mainGroup = 74356DE61F690DCB00E0FC97;
			productRefGroup = 74356DF01F690DCB00E0FC97 /* Products */;
			projectDirPath = "";
			projectRoot = "";
			targets = (
				74356DEE1F690DCB00E0FC97 /* Smack */,
			);
		};
/* End PBXProject section */

/* Begin PBXResourcesBuildPhase section */
		74356DED1F690DCB00E0FC97 /* Resources */ = {
			isa = PBXResourcesBuildPhase;
			buildActionMask = 2147483647;
			files = (
				74356DFD1F690DCB00E0FC97 /* LaunchScreen.storyboard in Resources */,
				74356DFA1F690DCB00E0FC97 /* Assets.xcassets in Resources */,
				74356DF81F690DCB00E0FC97 /* Main.storyboard in Resources */,
			);
			runOnlyForDeploymentPostprocessing = 0;
		};
/* End PBXResourcesBuildPhase section */

/* Begin PBXShellScriptBuildPhase section */
		53F03CD051F801DFB7C6660C /* [CP] Check Pods Manifest.lock */ = {
			isa = PBXShellScriptBuildPhase;
			buildActionMask = 2147483647;
			files = (
			);
			inputPaths = (
			);
			name = "[CP] Check Pods Manifest.lock";
			outputPaths = (
			);
			runOnlyForDeploymentPostprocessing = 0;
			shellPath = /bin/sh;
			shellScript = "diff \"${PODS_ROOT}/../Podfile.lock\" \"${PODS_ROOT}/Manifest.lock\" > /dev/null\nif [ $? != 0 ] ; then\n    # print error to STDERR\n    echo \"error: The sandbox is not in sync with the Podfile.lock. Run 'pod install' or update your CocoaPods installation.\" >&2\n    exit 1\nfi\n";
			showEnvVarsInLog = 0;
		};
		E93AF0C39CF8B20A517A4DB3 /* [CP] Copy Pods Resources */ = {
			isa = PBXShellScriptBuildPhase;
			buildActionMask = 2147483647;
			files = (
			);
			inputPaths = (
			);
			name = "[CP] Copy Pods Resources";
			outputPaths = (
			);
			runOnlyForDeploymentPostprocessing = 0;
			shellPath = /bin/sh;
			shellScript = "\"${SRCROOT}/Pods/Target Support Files/Pods-Smack/Pods-Smack-resources.sh\"\n";
			showEnvVarsInLog = 0;
		};
		FA660F79E08BC2E926B28307 /* [CP] Embed Pods Frameworks */ = {
			isa = PBXShellScriptBuildPhase;
			buildActionMask = 2147483647;
			files = (
			);
			inputPaths = (
			);
			name = "[CP] Embed Pods Frameworks";
			outputPaths = (
			);
			runOnlyForDeploymentPostprocessing = 0;
			shellPath = /bin/sh;
			shellScript = "\"${SRCROOT}/Pods/Target Support Files/Pods-Smack/Pods-Smack-frameworks.sh\"\n";
			showEnvVarsInLog = 0;
		};
/* End PBXShellScriptBuildPhase section */

/* Begin PBXSourcesBuildPhase section */
		74356DEB1F690DCB00E0FC97 /* Sources */ = {
			isa = PBXSourcesBuildPhase;
			buildActionMask = 2147483647;
			files = (
				741ECFAA1F69154800FB733D /* ChatVC.swift in Sources */,
				743D98A41F6922D800093F71 /* Smack-Bridging-Header.h in Sources */,
				743D98C31F69244700093F71 /* SWRevealViewController.m in Sources */,
				741ECFAC1F69156200FB733D /* ChannelVC.swift in Sources */,
				743D98C61F69328100093F71 /* GradientView.swift in Sources */,
				7426705D1F6940100079CB3C /* LoginVC.swift in Sources */,
				743D98C41F69245300093F71 /* SWRevealViewController.h in Sources */,
				74356DF31F690DCB00E0FC97 /* AppDelegate.swift in Sources */,
				741FA9EC1F6A6BF60063085C /* CreateAccountVC.swift in Sources */,
				742670591F693AEA0079CB3C /* Constants.swift in Sources */,
			);
			runOnlyForDeploymentPostprocessing = 0;
		};
/* End PBXSourcesBuildPhase section */

/* Begin PBXVariantGroup section */
		74356DF61F690DCB00E0FC97 /* Main.storyboard */ = {
			isa = PBXVariantGroup;
			children = (
				74356DF71F690DCB00E0FC97 /* Base */,
			);
			name = Main.storyboard;
			sourceTree = "<group>";
		};
		74356DFB1F690DCB00E0FC97 /* LaunchScreen.storyboard */ = {
			isa = PBXVariantGroup;
			children = (
				74356DFC1F690DCB00E0FC97 /* Base */,
			);
			name = LaunchScreen.storyboard;
			sourceTree = "<group>";
		};
/* End PBXVariantGroup section */

/* Begin XCBuildConfiguration section */
		74356DFF1F690DCB00E0FC97 /* Debug */ = {
			isa = XCBuildConfiguration;
			buildSettings = {
				ALWAYS_SEARCH_USER_PATHS = NO;
				CLANG_ANALYZER_NONNULL = YES;
				CLANG_ANALYZER_NUMBER_OBJECT_CONVERSION = YES_AGGRESSIVE;
				CLANG_CXX_LANGUAGE_STANDARD = "gnu++14";
				CLANG_CXX_LIBRARY = "libc++";
				CLANG_ENABLE_MODULES = YES;
				CLANG_ENABLE_OBJC_ARC = YES;
				CLANG_WARN_BLOCK_CAPTURE_AUTORELEASING = YES;
				CLANG_WARN_BOOL_CONVERSION = YES;
				CLANG_WARN_COMMA = YES;
				CLANG_WARN_CONSTANT_CONVERSION = YES;
				CLANG_WARN_DIRECT_OBJC_ISA_USAGE = YES_ERROR;
				CLANG_WARN_DOCUMENTATION_COMMENTS = YES;
				CLANG_WARN_EMPTY_BODY = YES;
				CLANG_WARN_ENUM_CONVERSION = YES;
				CLANG_WARN_INFINITE_RECURSION = YES;
				CLANG_WARN_INT_CONVERSION = YES;
				CLANG_WARN_NON_LITERAL_NULL_CONVERSION = YES;
				CLANG_WARN_OBJC_LITERAL_CONVERSION = YES;
				CLANG_WARN_OBJC_ROOT_CLASS = YES_ERROR;
				CLANG_WARN_RANGE_LOOP_ANALYSIS = YES;
				CLANG_WARN_STRICT_PROTOTYPES = YES;
				CLANG_WARN_SUSPICIOUS_MOVE = YES;
				CLANG_WARN_UNGUARDED_AVAILABILITY = YES_AGGRESSIVE;
				CLANG_WARN_UNREACHABLE_CODE = YES;
				CLANG_WARN__DUPLICATE_METHOD_MATCH = YES;
				CODE_SIGN_IDENTITY = "iPhone Developer";
				COPY_PHASE_STRIP = NO;
				DEBUG_INFORMATION_FORMAT = dwarf;
				ENABLE_STRICT_OBJC_MSGSEND = YES;
				ENABLE_TESTABILITY = YES;
				GCC_C_LANGUAGE_STANDARD = gnu11;
				GCC_DYNAMIC_NO_PIC = NO;
				GCC_NO_COMMON_BLOCKS = YES;
				GCC_OPTIMIZATION_LEVEL = 0;
				GCC_PREPROCESSOR_DEFINITIONS = (
					"DEBUG=1",
					"$(inherited)",
				);
				GCC_WARN_64_TO_32_BIT_CONVERSION = YES;
				GCC_WARN_ABOUT_RETURN_TYPE = YES_ERROR;
				GCC_WARN_UNDECLARED_SELECTOR = YES;
				GCC_WARN_UNINITIALIZED_AUTOS = YES_AGGRESSIVE;
				GCC_WARN_UNUSED_FUNCTION = YES;
				GCC_WARN_UNUSED_VARIABLE = YES;
				IPHONEOS_DEPLOYMENT_TARGET = 11.0;
				MTL_ENABLE_DEBUG_INFO = YES;
				ONLY_ACTIVE_ARCH = YES;
				SDKROOT = iphoneos;
				SWIFT_ACTIVE_COMPILATION_CONDITIONS = DEBUG;
				SWIFT_OPTIMIZATION_LEVEL = "-Onone";
			};
			name = Debug;
		};
		74356E001F690DCB00E0FC97 /* Release */ = {
			isa = XCBuildConfiguration;
			buildSettings = {
				ALWAYS_SEARCH_USER_PATHS = NO;
				CLANG_ANALYZER_NONNULL = YES;
				CLANG_ANALYZER_NUMBER_OBJECT_CONVERSION = YES_AGGRESSIVE;
				CLANG_CXX_LANGUAGE_STANDARD = "gnu++14";
				CLANG_CXX_LIBRARY = "libc++";
				CLANG_ENABLE_MODULES = YES;
				CLANG_ENABLE_OBJC_ARC = YES;
				CLANG_WARN_BLOCK_CAPTURE_AUTORELEASING = YES;
				CLANG_WARN_BOOL_CONVERSION = YES;
				CLANG_WARN_COMMA = YES;
				CLANG_WARN_CONSTANT_CONVERSION = YES;
				CLANG_WARN_DIRECT_OBJC_ISA_USAGE = YES_ERROR;
				CLANG_WARN_DOCUMENTATION_COMMENTS = YES;
				CLANG_WARN_EMPTY_BODY = YES;
				CLANG_WARN_ENUM_CONVERSION = YES;
				CLANG_WARN_INFINITE_RECURSION = YES;
				CLANG_WARN_INT_CONVERSION = YES;
				CLANG_WARN_NON_LITERAL_NULL_CONVERSION = YES;
				CLANG_WARN_OBJC_LITERAL_CONVERSION = YES;
				CLANG_WARN_OBJC_ROOT_CLASS = YES_ERROR;
				CLANG_WARN_RANGE_LOOP_ANALYSIS = YES;
				CLANG_WARN_STRICT_PROTOTYPES = YES;
				CLANG_WARN_SUSPICIOUS_MOVE = YES;
				CLANG_WARN_UNGUARDED_AVAILABILITY = YES_AGGRESSIVE;
				CLANG_WARN_UNREACHABLE_CODE = YES;
				CLANG_WARN__DUPLICATE_METHOD_MATCH = YES;
				CODE_SIGN_IDENTITY = "iPhone Developer";
				COPY_PHASE_STRIP = NO;
				DEBUG_INFORMATION_FORMAT = "dwarf-with-dsym";
				ENABLE_NS_ASSERTIONS = NO;
				ENABLE_STRICT_OBJC_MSGSEND = YES;
				GCC_C_LANGUAGE_STANDARD = gnu11;
				GCC_NO_COMMON_BLOCKS = YES;
				GCC_WARN_64_TO_32_BIT_CONVERSION = YES;
				GCC_WARN_ABOUT_RETURN_TYPE = YES_ERROR;
				GCC_WARN_UNDECLARED_SELECTOR = YES;
				GCC_WARN_UNINITIALIZED_AUTOS = YES_AGGRESSIVE;
				GCC_WARN_UNUSED_FUNCTION = YES;
				GCC_WARN_UNUSED_VARIABLE = YES;
				IPHONEOS_DEPLOYMENT_TARGET = 11.0;
				MTL_ENABLE_DEBUG_INFO = NO;
				SDKROOT = iphoneos;
				SWIFT_OPTIMIZATION_LEVEL = "-Owholemodule";
				VALIDATE_PRODUCT = YES;
			};
			name = Release;
		};
		74356E021F690DCB00E0FC97 /* Debug */ = {
			isa = XCBuildConfiguration;
			baseConfigurationReference = 70F20CC7903F95C74BB43E70 /* Pods-Smack.debug.xcconfig */;
			buildSettings = {
				ASSETCATALOG_COMPILER_APPICON_NAME = AppIcon;
				CLANG_ENABLE_MODULES = YES;
				INFOPLIST_FILE = Smack/Info.plist;
				LD_RUNPATH_SEARCH_PATHS = "$(inherited) @executable_path/Frameworks";
				PRODUCT_BUNDLE_IDENTIFIER = com.justinseymour.Smack;
				PRODUCT_NAME = "$(TARGET_NAME)";
				SWIFT_OBJC_BRIDGING_HEADER = "/Users/justinsmac/Documents/Development/Devslopes Tutorials/Section6/Smack/Smack/Supporting Files/Smack-Bridging-Header.h";
				SWIFT_OPTIMIZATION_LEVEL = "-Onone";
				SWIFT_VERSION = 4.0;
				TARGETED_DEVICE_FAMILY = "1,2";
			};
			name = Debug;
		};
		74356E031F690DCB00E0FC97 /* Release */ = {
			isa = XCBuildConfiguration;
			baseConfigurationReference = 0018655323333FE42BA079FF /* Pods-Smack.release.xcconfig */;
			buildSettings = {
				ASSETCATALOG_COMPILER_APPICON_NAME = AppIcon;
				CLANG_ENABLE_MODULES = YES;
				INFOPLIST_FILE = Smack/Info.plist;
				LD_RUNPATH_SEARCH_PATHS = "$(inherited) @executable_path/Frameworks";
				PRODUCT_BUNDLE_IDENTIFIER = com.justinseymour.Smack;
				PRODUCT_NAME = "$(TARGET_NAME)";
				SWIFT_OBJC_BRIDGING_HEADER = "/Users/justinsmac/Documents/Development/Devslopes Tutorials/Section6/Smack/Smack/Supporting Files/Smack-Bridging-Header.h";
				SWIFT_VERSION = 4.0;
				TARGETED_DEVICE_FAMILY = "1,2";
			};
			name = Release;
		};
/* End XCBuildConfiguration section */

/* Begin XCConfigurationList section */
		74356DEA1F690DCB00E0FC97 /* Build configuration list for PBXProject "Smack" */ = {
			isa = XCConfigurationList;
			buildConfigurations = (
				74356DFF1F690DCB00E0FC97 /* Debug */,
				74356E001F690DCB00E0FC97 /* Release */,
			);
			defaultConfigurationIsVisible = 0;
			defaultConfigurationName = Release;
		};
		74356E011F690DCB00E0FC97 /* Build configuration list for PBXNativeTarget "Smack" */ = {
			isa = XCConfigurationList;
			buildConfigurations = (
				74356E021F690DCB00E0FC97 /* Debug */,
				74356E031F690DCB00E0FC97 /* Release */,
			);
			defaultConfigurationIsVisible = 0;
			defaultConfigurationName = Release;
		};
/* End XCConfigurationList section */
	};
	rootObject = 74356DE71F690DCB00E0FC97 /* Project object */;
}
